
Microsoft Visual Studio Solution File, Format Version 12.00
# Visual Studio Version 17
VisualStudioVersion = 17.13.35828.75
MinimumVisualStudioVersion = 10.0.40219.1
Project("{FAE04EC0-301F-11D3-BF4B-00C04F79EFBC}") = "TypesAndVariables", "TypesAndVariables\TypesAndVariables.csproj", "{432F8530-905C-47C6-AF85-CDA9D59300E1}"
EndProject
Project("{FAE04EC0-301F-11D3-BF4B-00C04F79EFBC}") = "Conditionals", "Conditionals\Conditionals.csproj", "{1DAB503A-873B-4F6A-8F5B-6E178925D800}"
EndProject
Project("{FAE04EC0-301F-11D3-BF4B-00C04F79EFBC}") = "Methods", "Methods\Methods.csproj", "{1033D8ED-EF82-4C7E-8CCA-40D81A37B545}"
EndProject
Project("{FAE04EC0-301F-11D3-BF4B-00C04F79EFBC}") = "Arrays", "Arrays\Arrays.csproj", "{7F30FCDC-9F55-49C2-B7CF-98E76AED4A20}"
EndProject
Project("{FAE04EC0-301F-11D3-BF4B-00C04F79EFBC}") = "Loops", "Loops\Loops.csproj", "{81DCC759-78C1-4697-A8E3-DC3C479A6330}"
EndProject
Project("{FAE04EC0-301F-11D3-BF4B-00C04F79EFBC}") = "Strings", "Strings\Strings.csproj", "{0E55C06B-DD82-49CC-9B3A-40382801EBE1}"
EndProject
Project("{FAE04EC0-301F-11D3-BF4B-00C04F79EFBC}") = "Classes", "Classes\Classes.csproj", "{6D3D620F-3123-4AEC-BA44-9E74B658EBD4}"
EndProject
Project("{FAE04EC0-301F-11D3-BF4B-00C04F79EFBC}") = "RecapDemo1", "RecapDemo1\RecapDemo1.csproj", "{A4C1674B-4939-4737-A301-2E4755BBCBD3}"
EndProject
Project("{FAE04EC0-301F-11D3-BF4B-00C04F79EFBC}") = "Interfaces", "Interfaces\Interfaces.csproj", "{490B4ED5-6B6A-4B61-954D-288804E1F47D}"
EndProject
Project("{FAE04EC0-301F-11D3-BF4B-00C04F79EFBC}") = "Inheritance", "Inheritance\Inheritance.csproj", "{01ACBAD3-B544-4E00-88D4-4D6901BB1033}"
EndProject
Project("{FAE04EC0-301F-11D3-BF4B-00C04F79EFBC}") = "VirtualMethods", "VirtualMethods\VirtualMethods.csproj", "{3A41F1FE-0E6D-46E7-9B26-1484E90EEB2C}"
EndProject
Project("{FAE04EC0-301F-11D3-BF4B-00C04F79EFBC}") = "AbstractClasses", "AbstractClasses\AbstractClasses.csproj", "{56CF09B3-9A2C-4634-880B-F730476DC577}"
EndProject
Project("{FAE04EC0-301F-11D3-BF4B-00C04F79EFBC}") = "InterfacesDemo", "InterfacesDemo\InterfacesDemo.csproj", "{694084B5-98B2-4E57-896A-74ACEE3E39F9}"
EndProject
Project("{FAE04EC0-301F-11D3-BF4B-00C04F79EFBC}") = "RecapDemo2", "RecapDemo2\RecapDemo2.csproj", "{88B99F78-AF1D-400F-B05C-01B4279A3266}"
EndProject
Project("{FAE04EC0-301F-11D3-BF4B-00C04F79EFBC}") = "AccessModifiers", "AccessModifiers\AccessModifiers.csproj", "{744265CF-C6DB-47B0-AE49-07D9AD8867F0}"
EndProject
Project("{FAE04EC0-301F-11D3-BF4B-00C04F79EFBC}") = "AccessModifiersDemo", "AccessModifiersDemo\AccessModifiersDemo.csproj", "{02097DD9-BC36-46DF-A7F1-D85A0210F29C}"
EndProject
Project("{FAE04EC0-301F-11D3-BF4B-00C04F79EFBC}") = "Constructors", "Constructors\Constructors.csproj", "{6C487CCD-F1E3-471E-B23F-AE12D0A2A677}"
EndProject
Project("{FAE04EC0-301F-11D3-BF4B-00C04F79EFBC}") = "ReferenceAndValueTypes", "ReferenceAndValueTypes\ReferenceAndValueTypes.csproj", "{FCD50F57-5180-4D76-BD85-6B93717DE6D7}"
EndProject
Project("{FAE04EC0-301F-11D3-BF4B-00C04F79EFBC}") = "Collections", "Collections\Collections.csproj", "{37EAEAA7-EAC7-4342-B605-063DB5953EAA}"
EndProject
Project("{FAE04EC0-301F-11D3-BF4B-00C04F79EFBC}") = "Exceptions", "Exceptions\Exceptions.csproj", "{D1BE3891-2DE9-4576-B9FA-40D35F7F6F6D}"
EndProject
Project("{FAE04EC0-301F-11D3-BF4B-00C04F79EFBC}") = "AdoNetDemo", "AdoNetDemo\AdoNetDemo.csproj", "{DF19938E-C36D-4C65-84F9-1B4B5DAE69C0}"
EndProject
Project("{FAE04EC0-301F-11D3-BF4B-00C04F79EFBC}") = "EntityFrameworkDemo", "EntityFrameworkDemo\EntityFrameworkDemo.csproj", "{ECB8DC66-B8A8-47C9-8E1B-299401FD0A86}"
EndProject
Project("{FAE04EC0-301F-11D3-BF4B-00C04F79EFBC}") = "Generics", "Generics\Generics.csproj", "{68B4A724-B383-4C6E-A050-191478D5F052}"
EndProject
Project("{FAE04EC0-301F-11D3-BF4B-00C04F79EFBC}") = "Attributes", "Attributes\Attributes.csproj", "{C723836B-D130-4BF8-8936-9EA99E184DF3}"
EndProject
Project("{FAE04EC0-301F-11D3-BF4B-00C04F79EFBC}") = "Reflection", "Reflection\Reflection.csproj", "{8FB7C15F-F880-4E66-9DA5-37C563573E95}"
EndProject
Project("{FAE04EC0-301F-11D3-BF4B-00C04F79EFBC}") = "Delegates", "Delegates\Delegates.csproj", "{B4CD429F-13DA-413F-93D0-6688074D7044}"
EndProject
Project("{FAE04EC0-301F-11D3-BF4B-00C04F79EFBC}") = "Events", "Events\Events.csproj", "{4221DCFA-D3B7-4BAD-B2A0-A4A4641E47FD}"
EndProject
Global
	GlobalSection(SolutionConfigurationPlatforms) = preSolution
		Debug|Any CPU = Debug|Any CPU
		Release|Any CPU = Release|Any CPU
	EndGlobalSection
	GlobalSection(ProjectConfigurationPlatforms) = postSolution
		{432F8530-905C-47C6-AF85-CDA9D59300E1}.Debug|Any CPU.ActiveCfg = Debug|Any CPU
		{432F8530-905C-47C6-AF85-CDA9D59300E1}.Debug|Any CPU.Build.0 = Debug|Any CPU
		{432F8530-905C-47C6-AF85-CDA9D59300E1}.Release|Any CPU.ActiveCfg = Release|Any CPU
		{432F8530-905C-47C6-AF85-CDA9D59300E1}.Release|Any CPU.Build.0 = Release|Any CPU
		{1DAB503A-873B-4F6A-8F5B-6E178925D800}.Debug|Any CPU.ActiveCfg = Debug|Any CPU
		{1DAB503A-873B-4F6A-8F5B-6E178925D800}.Debug|Any CPU.Build.0 = Debug|Any CPU
		{1DAB503A-873B-4F6A-8F5B-6E178925D800}.Release|Any CPU.ActiveCfg = Release|Any CPU
		{1DAB503A-873B-4F6A-8F5B-6E178925D800}.Release|Any CPU.Build.0 = Release|Any CPU
		{1033D8ED-EF82-4C7E-8CCA-40D81A37B545}.Debug|Any CPU.ActiveCfg = Debug|Any CPU
		{1033D8ED-EF82-4C7E-8CCA-40D81A37B545}.Debug|Any CPU.Build.0 = Debug|Any CPU
		{1033D8ED-EF82-4C7E-8CCA-40D81A37B545}.Release|Any CPU.ActiveCfg = Release|Any CPU
		{1033D8ED-EF82-4C7E-8CCA-40D81A37B545}.Release|Any CPU.Build.0 = Release|Any CPU
		{7F30FCDC-9F55-49C2-B7CF-98E76AED4A20}.Debug|Any CPU.ActiveCfg = Debug|Any CPU
		{7F30FCDC-9F55-49C2-B7CF-98E76AED4A20}.Debug|Any CPU.Build.0 = Debug|Any CPU
		{7F30FCDC-9F55-49C2-B7CF-98E76AED4A20}.Release|Any CPU.ActiveCfg = Release|Any CPU
		{7F30FCDC-9F55-49C2-B7CF-98E76AED4A20}.Release|Any CPU.Build.0 = Release|Any CPU
		{81DCC759-78C1-4697-A8E3-DC3C479A6330}.Debug|Any CPU.ActiveCfg = Debug|Any CPU
		{81DCC759-78C1-4697-A8E3-DC3C479A6330}.Debug|Any CPU.Build.0 = Debug|Any CPU
		{81DCC759-78C1-4697-A8E3-DC3C479A6330}.Release|Any CPU.ActiveCfg = Release|Any CPU
		{81DCC759-78C1-4697-A8E3-DC3C479A6330}.Release|Any CPU.Build.0 = Release|Any CPU
		{0E55C06B-DD82-49CC-9B3A-40382801EBE1}.Debug|Any CPU.ActiveCfg = Debug|Any CPU
		{0E55C06B-DD82-49CC-9B3A-40382801EBE1}.Debug|Any CPU.Build.0 = Debug|Any CPU
		{0E55C06B-DD82-49CC-9B3A-40382801EBE1}.Release|Any CPU.ActiveCfg = Release|Any CPU
		{0E55C06B-DD82-49CC-9B3A-40382801EBE1}.Release|Any CPU.Build.0 = Release|Any CPU
		{6D3D620F-3123-4AEC-BA44-9E74B658EBD4}.Debug|Any CPU.ActiveCfg = Debug|Any CPU
		{6D3D620F-3123-4AEC-BA44-9E74B658EBD4}.Debug|Any CPU.Build.0 = Debug|Any CPU
		{6D3D620F-3123-4AEC-BA44-9E74B658EBD4}.Release|Any CPU.ActiveCfg = Release|Any CPU
		{6D3D620F-3123-4AEC-BA44-9E74B658EBD4}.Release|Any CPU.Build.0 = Release|Any CPU
		{A4C1674B-4939-4737-A301-2E4755BBCBD3}.Debug|Any CPU.ActiveCfg = Debug|Any CPU
		{A4C1674B-4939-4737-A301-2E4755BBCBD3}.Debug|Any CPU.Build.0 = Debug|Any CPU
		{A4C1674B-4939-4737-A301-2E4755BBCBD3}.Release|Any CPU.ActiveCfg = Release|Any CPU
		{A4C1674B-4939-4737-A301-2E4755BBCBD3}.Release|Any CPU.Build.0 = Release|Any CPU
		{490B4ED5-6B6A-4B61-954D-288804E1F47D}.Debug|Any CPU.ActiveCfg = Debug|Any CPU
		{490B4ED5-6B6A-4B61-954D-288804E1F47D}.Debug|Any CPU.Build.0 = Debug|Any CPU
		{490B4ED5-6B6A-4B61-954D-288804E1F47D}.Release|Any CPU.ActiveCfg = Release|Any CPU
		{490B4ED5-6B6A-4B61-954D-288804E1F47D}.Release|Any CPU.Build.0 = Release|Any CPU
		{01ACBAD3-B544-4E00-88D4-4D6901BB1033}.Debug|Any CPU.ActiveCfg = Debug|Any CPU
		{01ACBAD3-B544-4E00-88D4-4D6901BB1033}.Debug|Any CPU.Build.0 = Debug|Any CPU
		{01ACBAD3-B544-4E00-88D4-4D6901BB1033}.Release|Any CPU.ActiveCfg = Release|Any CPU
		{01ACBAD3-B544-4E00-88D4-4D6901BB1033}.Release|Any CPU.Build.0 = Release|Any CPU
		{3A41F1FE-0E6D-46E7-9B26-1484E90EEB2C}.Debug|Any CPU.ActiveCfg = Debug|Any CPU
		{3A41F1FE-0E6D-46E7-9B26-1484E90EEB2C}.Debug|Any CPU.Build.0 = Debug|Any CPU
		{3A41F1FE-0E6D-46E7-9B26-1484E90EEB2C}.Release|Any CPU.ActiveCfg = Release|Any CPU
		{3A41F1FE-0E6D-46E7-9B26-1484E90EEB2C}.Release|Any CPU.Build.0 = Release|Any CPU
		{56CF09B3-9A2C-4634-880B-F730476DC577}.Debug|Any CPU.ActiveCfg = Debug|Any CPU
		{56CF09B3-9A2C-4634-880B-F730476DC577}.Debug|Any CPU.Build.0 = Debug|Any CPU
		{56CF09B3-9A2C-4634-880B-F730476DC577}.Release|Any CPU.ActiveCfg = Release|Any CPU
		{56CF09B3-9A2C-4634-880B-F730476DC577}.Release|Any CPU.Build.0 = Release|Any CPU
		{694084B5-98B2-4E57-896A-74ACEE3E39F9}.Debug|Any CPU.ActiveCfg = Debug|Any CPU
		{694084B5-98B2-4E57-896A-74ACEE3E39F9}.Debug|Any CPU.Build.0 = Debug|Any CPU
		{694084B5-98B2-4E57-896A-74ACEE3E39F9}.Release|Any CPU.ActiveCfg = Release|Any CPU
		{694084B5-98B2-4E57-896A-74ACEE3E39F9}.Release|Any CPU.Build.0 = Release|Any CPU
		{88B99F78-AF1D-400F-B05C-01B4279A3266}.Debug|Any CPU.ActiveCfg = Debug|Any CPU
		{88B99F78-AF1D-400F-B05C-01B4279A3266}.Debug|Any CPU.Build.0 = Debug|Any CPU
		{88B99F78-AF1D-400F-B05C-01B4279A3266}.Release|Any CPU.ActiveCfg = Release|Any CPU
		{88B99F78-AF1D-400F-B05C-01B4279A3266}.Release|Any CPU.Build.0 = Release|Any CPU
		{744265CF-C6DB-47B0-AE49-07D9AD8867F0}.Debug|Any CPU.ActiveCfg = Debug|Any CPU
		{744265CF-C6DB-47B0-AE49-07D9AD8867F0}.Debug|Any CPU.Build.0 = Debug|Any CPU
		{744265CF-C6DB-47B0-AE49-07D9AD8867F0}.Release|Any CPU.ActiveCfg = Release|Any CPU
		{744265CF-C6DB-47B0-AE49-07D9AD8867F0}.Release|Any CPU.Build.0 = Release|Any CPU
		{02097DD9-BC36-46DF-A7F1-D85A0210F29C}.Debug|Any CPU.ActiveCfg = Debug|Any CPU
		{02097DD9-BC36-46DF-A7F1-D85A0210F29C}.Debug|Any CPU.Build.0 = Debug|Any CPU
		{02097DD9-BC36-46DF-A7F1-D85A0210F29C}.Release|Any CPU.ActiveCfg = Release|Any CPU
		{02097DD9-BC36-46DF-A7F1-D85A0210F29C}.Release|Any CPU.Build.0 = Release|Any CPU
		{6C487CCD-F1E3-471E-B23F-AE12D0A2A677}.Debug|Any CPU.ActiveCfg = Debug|Any CPU
		{6C487CCD-F1E3-471E-B23F-AE12D0A2A677}.Debug|Any CPU.Build.0 = Debug|Any CPU
		{6C487CCD-F1E3-471E-B23F-AE12D0A2A677}.Release|Any CPU.ActiveCfg = Release|Any CPU
		{6C487CCD-F1E3-471E-B23F-AE12D0A2A677}.Release|Any CPU.Build.0 = Release|Any CPU
		{FCD50F57-5180-4D76-BD85-6B93717DE6D7}.Debug|Any CPU.ActiveCfg = Debug|Any CPU
		{FCD50F57-5180-4D76-BD85-6B93717DE6D7}.Debug|Any CPU.Build.0 = Debug|Any CPU
		{FCD50F57-5180-4D76-BD85-6B93717DE6D7}.Release|Any CPU.ActiveCfg = Release|Any CPU
		{FCD50F57-5180-4D76-BD85-6B93717DE6D7}.Release|Any CPU.Build.0 = Release|Any CPU
		{37EAEAA7-EAC7-4342-B605-063DB5953EAA}.Debug|Any CPU.ActiveCfg = Debug|Any CPU
		{37EAEAA7-EAC7-4342-B605-063DB5953EAA}.Debug|Any CPU.Build.0 = Debug|Any CPU
		{37EAEAA7-EAC7-4342-B605-063DB5953EAA}.Release|Any CPU.ActiveCfg = Release|Any CPU
		{37EAEAA7-EAC7-4342-B605-063DB5953EAA}.Release|Any CPU.Build.0 = Release|Any CPU
		{D1BE3891-2DE9-4576-B9FA-40D35F7F6F6D}.Debug|Any CPU.ActiveCfg = Debug|Any CPU
		{D1BE3891-2DE9-4576-B9FA-40D35F7F6F6D}.Debug|Any CPU.Build.0 = Debug|Any CPU
		{D1BE3891-2DE9-4576-B9FA-40D35F7F6F6D}.Release|Any CPU.ActiveCfg = Release|Any CPU
		{D1BE3891-2DE9-4576-B9FA-40D35F7F6F6D}.Release|Any CPU.Build.0 = Release|Any CPU
		{DF19938E-C36D-4C65-84F9-1B4B5DAE69C0}.Debug|Any CPU.ActiveCfg = Debug|Any CPU
		{DF19938E-C36D-4C65-84F9-1B4B5DAE69C0}.Debug|Any CPU.Build.0 = Debug|Any CPU
		{DF19938E-C36D-4C65-84F9-1B4B5DAE69C0}.Release|Any CPU.ActiveCfg = Release|Any CPU
		{DF19938E-C36D-4C65-84F9-1B4B5DAE69C0}.Release|Any CPU.Build.0 = Release|Any CPU
		{ECB8DC66-B8A8-47C9-8E1B-299401FD0A86}.Debug|Any CPU.ActiveCfg = Debug|Any CPU
		{ECB8DC66-B8A8-47C9-8E1B-299401FD0A86}.Debug|Any CPU.Build.0 = Debug|Any CPU
		{ECB8DC66-B8A8-47C9-8E1B-299401FD0A86}.Release|Any CPU.ActiveCfg = Release|Any CPU
		{ECB8DC66-B8A8-47C9-8E1B-299401FD0A86}.Release|Any CPU.Build.0 = Release|Any CPU
		{68B4A724-B383-4C6E-A050-191478D5F052}.Debug|Any CPU.ActiveCfg = Debug|Any CPU
		{68B4A724-B383-4C6E-A050-191478D5F052}.Debug|Any CPU.Build.0 = Debug|Any CPU
		{68B4A724-B383-4C6E-A050-191478D5F052}.Release|Any CPU.ActiveCfg = Release|Any CPU
		{68B4A724-B383-4C6E-A050-191478D5F052}.Release|Any CPU.Build.0 = Release|Any CPU
		{C723836B-D130-4BF8-8936-9EA99E184DF3}.Debug|Any CPU.ActiveCfg = Debug|Any CPU
		{C723836B-D130-4BF8-8936-9EA99E184DF3}.Debug|Any CPU.Build.0 = Debug|Any CPU
		{C723836B-D130-4BF8-8936-9EA99E184DF3}.Release|Any CPU.ActiveCfg = Release|Any CPU
		{C723836B-D130-4BF8-8936-9EA99E184DF3}.Release|Any CPU.Build.0 = Release|Any CPU
		{8FB7C15F-F880-4E66-9DA5-37C563573E95}.Debug|Any CPU.ActiveCfg = Debug|Any CPU
		{8FB7C15F-F880-4E66-9DA5-37C563573E95}.Debug|Any CPU.Build.0 = Debug|Any CPU
		{8FB7C15F-F880-4E66-9DA5-37C563573E95}.Release|Any CPU.ActiveCfg = Release|Any CPU
		{8FB7C15F-F880-4E66-9DA5-37C563573E95}.Release|Any CPU.Build.0 = Release|Any CPU
		{B4CD429F-13DA-413F-93D0-6688074D7044}.Debug|Any CPU.ActiveCfg = Debug|Any CPU
		{B4CD429F-13DA-413F-93D0-6688074D7044}.Debug|Any CPU.Build.0 = Debug|Any CPU
		{B4CD429F-13DA-413F-93D0-6688074D7044}.Release|Any CPU.ActiveCfg = Release|Any CPU
		{B4CD429F-13DA-413F-93D0-6688074D7044}.Release|Any CPU.Build.0 = Release|Any CPU
		{4221DCFA-D3B7-4BAD-B2A0-A4A4641E47FD}.Debug|Any CPU.ActiveCfg = Debug|Any CPU
		{4221DCFA-D3B7-4BAD-B2A0-A4A4641E47FD}.Debug|Any CPU.Build.0 = Debug|Any CPU
		{4221DCFA-D3B7-4BAD-B2A0-A4A4641E47FD}.Release|Any CPU.ActiveCfg = Release|Any CPU
		{4221DCFA-D3B7-4BAD-B2A0-A4A4641E47FD}.Release|Any CPU.Build.0 = Release|Any CPU
	EndGlobalSection
	GlobalSection(SolutionProperties) = preSolution
		HideSolutionNode = FALSE
	EndGlobalSection
	GlobalSection(ExtensibilityGlobals) = postSolution
		SolutionGuid = {4BBB775D-EAB9-4064-9AE4-AE4AEECB9A69}
	EndGlobalSection
EndGlobal
