
Microsoft Visual Studio Solution File, Format Version 12.00
# Visual Studio Version 17
VisualStudioVersion = 17.14.36202.13
MinimumVisualStudioVersion = 10.0.40219.1
Project("{FAE04EC0-301F-11D3-BF4B-00C04F79EFBC}") = "Singleton", "Singleton\Singleton.csproj", "{48D2A75F-86DC-4B7C-8DEC-4CDCDC455579}"
EndProject
Project("{FAE04EC0-301F-11D3-BF4B-00C04F79EFBC}") = "FactoryMethod", "FactoryMethod\FactoryMethod.csproj", "{1F478DCF-488B-4515-A32D-467441366558}"
EndProject
Project("{FAE04EC0-301F-11D3-BF4B-00C04F79EFBC}") = "AbstractFactory", "AbstractFactory\AbstractFactory.csproj", "{8801798A-E7BC-49BF-B197-337B5E08C2AF}"
EndProject
Project("{FAE04EC0-301F-11D3-BF4B-00C04F79EFBC}") = "Prototype", "Prototype\Prototype.csproj", "{67B1DD42-E9B3-43E5-8415-1E4BB41D4663}"
EndProject
Project("{FAE04EC0-301F-11D3-BF4B-00C04F79EFBC}") = "Builder", "Builder\Builder.csproj", "{AD60E8AC-9685-4BF9-A1C8-7B8B5F4F0365}"
EndProject
Project("{FAE04EC0-301F-11D3-BF4B-00C04F79EFBC}") = "Facade", "Facade\Facade.csproj", "{EE862D91-D00A-4A24-95EC-3286AEF1DC58}"
EndProject
Project("{FAE04EC0-301F-11D3-BF4B-00C04F79EFBC}") = "Adapter", "Adapter\Adapter.csproj", "{666A4669-DEA1-4902-BA44-ED4F14FCBDDF}"
EndProject
Global
	GlobalSection(SolutionConfigurationPlatforms) = preSolution
		Debug|Any CPU = Debug|Any CPU
		Release|Any CPU = Release|Any CPU
	EndGlobalSection
	GlobalSection(ProjectConfigurationPlatforms) = postSolution
		{48D2A75F-86DC-4B7C-8DEC-4CDCDC455579}.Debug|Any CPU.ActiveCfg = Debug|Any CPU
		{48D2A75F-86DC-4B7C-8DEC-4CDCDC455579}.Debug|Any CPU.Build.0 = Debug|Any CPU
		{48D2A75F-86DC-4B7C-8DEC-4CDCDC455579}.Release|Any CPU.ActiveCfg = Release|Any CPU
		{48D2A75F-86DC-4B7C-8DEC-4CDCDC455579}.Release|Any CPU.Build.0 = Release|Any CPU
		{1F478DCF-488B-4515-A32D-467441366558}.Debug|Any CPU.ActiveCfg = Debug|Any CPU
		{1F478DCF-488B-4515-A32D-467441366558}.Debug|Any CPU.Build.0 = Debug|Any CPU
		{1F478DCF-488B-4515-A32D-467441366558}.Release|Any CPU.ActiveCfg = Release|Any CPU
		{1F478DCF-488B-4515-A32D-467441366558}.Release|Any CPU.Build.0 = Release|Any CPU
		{8801798A-E7BC-49BF-B197-337B5E08C2AF}.Debug|Any CPU.ActiveCfg = Debug|Any CPU
		{8801798A-E7BC-49BF-B197-337B5E08C2AF}.Debug|Any CPU.Build.0 = Debug|Any CPU
		{8801798A-E7BC-49BF-B197-337B5E08C2AF}.Release|Any CPU.ActiveCfg = Release|Any CPU
		{8801798A-E7BC-49BF-B197-337B5E08C2AF}.Release|Any CPU.Build.0 = Release|Any CPU
		{67B1DD42-E9B3-43E5-8415-1E4BB41D4663}.Debug|Any CPU.ActiveCfg = Debug|Any CPU
		{67B1DD42-E9B3-43E5-8415-1E4BB41D4663}.Debug|Any CPU.Build.0 = Debug|Any CPU
		{67B1DD42-E9B3-43E5-8415-1E4BB41D4663}.Release|Any CPU.ActiveCfg = Release|Any CPU
		{67B1DD42-E9B3-43E5-8415-1E4BB41D4663}.Release|Any CPU.Build.0 = Release|Any CPU
		{AD60E8AC-9685-4BF9-A1C8-7B8B5F4F0365}.Debug|Any CPU.ActiveCfg = Debug|Any CPU
		{AD60E8AC-9685-4BF9-A1C8-7B8B5F4F0365}.Debug|Any CPU.Build.0 = Debug|Any CPU
		{AD60E8AC-9685-4BF9-A1C8-7B8B5F4F0365}.Release|Any CPU.ActiveCfg = Release|Any CPU
		{AD60E8AC-9685-4BF9-A1C8-7B8B5F4F0365}.Release|Any CPU.Build.0 = Release|Any CPU
		{EE862D91-D00A-4A24-95EC-3286AEF1DC58}.Debug|Any CPU.ActiveCfg = Debug|Any CPU
		{EE862D91-D00A-4A24-95EC-3286AEF1DC58}.Debug|Any CPU.Build.0 = Debug|Any CPU
		{EE862D91-D00A-4A24-95EC-3286AEF1DC58}.Release|Any CPU.ActiveCfg = Release|Any CPU
		{EE862D91-D00A-4A24-95EC-3286AEF1DC58}.Release|Any CPU.Build.0 = Release|Any CPU
		{666A4669-DEA1-4902-BA44-ED4F14FCBDDF}.Debug|Any CPU.ActiveCfg = Debug|Any CPU
		{666A4669-DEA1-4902-BA44-ED4F14FCBDDF}.Debug|Any CPU.Build.0 = Debug|Any CPU
		{666A4669-DEA1-4902-BA44-ED4F14FCBDDF}.Release|Any CPU.ActiveCfg = Release|Any CPU
		{666A4669-DEA1-4902-BA44-ED4F14FCBDDF}.Release|Any CPU.Build.0 = Release|Any CPU
	EndGlobalSection
	GlobalSection(SolutionProperties) = preSolution
		HideSolutionNode = FALSE
	EndGlobalSection
	GlobalSection(ExtensibilityGlobals) = postSolution
		SolutionGuid = {71193EC8-D0D1-4090-96C8-9E3DAD0C366B}
	EndGlobalSection
EndGlobal
